{
    "_meta": {
        "hash": {
            "sha256": "8edcb76f4e7eb42a895f01f1571002bed2860049b03f1c9500f5692898937825"
        },
        "requires": {},
        "sources": [
            {
                "url": "https://pypi.python.org/simple",
                "verify_ssl": true
            }
        ]
    },
    "default": {
        "urwid": {
            "hash": "sha256:cfcec03e36de25a1073e2e35c2c7b0cc6969b85745715c3a025a31d9786896a1",
            "version": "==1.3.1"
        }
    },
    "develop": {}
}